{
  "requires": true,
  "lockfileVersion": 1,
  "dependencies": {
    "@minui/wxc-label": {
      "version": "1.0.5",
      "resolved": "https://registry.npmjs.org/@minui/wxc-label/-/wxc-label-1.0.5.tgz",
      "integrity": "sha512-fyywBhHgULQLUZFl9SqFWTf0Ds5UVa5W16p7qxTsgEvtliNdZD3FEOoP4R8scK/oexO3VZ2LVDTbdVEju2QJKw=="
    },
    "@minui/wxc-notice": {
      "version": "1.0.1",
      "resolved": "https://registry.npmjs.org/@minui/wxc-notice/-/wxc-notice-1.0.1.tgz",
      "integrity": "sha512-13XlScHuGhSBGSUYH6VTshByIVATWatkC7wKkFcM/e3Yf1tzfiMFKimrMzMmjiDeLfUg9OZC7xyTwn8oy+yjsw=="
    }
  }
}
